schema_version: 1
repository: https://github.com/F1Justin/superlily-nekro-runtime
local_checkout: /home/justin/SuperLily-Nekro-Runtime
branch: superlily/runtime-v2.3.3
commit: 3254ed24b556108f1030341bd4216e6ce426c918
source_tree: a2c28f93ac4e6aecf6df0bb512bc9bb765308e79
image_revision: 396e82a62d4ef10a9f580ff7ab799e34032c9e35
tag: null
upstream:
  repository: https://github.com/KroMiose/nekro-agent
  tag: v2.3.3
  commit: a34c32f853c3d530b2372b93f68f8bf2469c5333
image:
  tag: superlily/nekro-agent:2.3.3-superlily.12-qq-voice.5
  id: sha256:5da3568727beb7f0d25baeef6847357818b1c4acfc0e79604513523db94327ad
local_patch:
  kind: qq-native-audio-plus-reference-transcript
  base_image_id: sha256:df3a01581b7071939cea84e56f69fcc789314c58b964c7e08ed7ec16d98d3062
  base_image_tag: superlily/nekro-agent:2.3.3-superlily.11-r2.1
  dockerfile: deploy/Dockerfile.nekro-qq-voice
  source_state: committed source; exact deployed overlay files below
  files:
    nekro_agent/adapters/interface/collector.py: 0fd1632989509c7d695c531993c556beb1959e9a3bc37191f700cefb2adcef46
    nekro_agent/adapters/interface/schemas/extra.py: 48934f12afb6977dd72fab37734dc6eb3ec05a8c31a70f31ee84be5953b83044
    nekro_agent/adapters/onebot_v11/adapter.py: 25e2c650a30cd2b502d80e7bf7646338f4df3b4ea74fc50951568fa97e1b8830
    nekro_agent/adapters/onebot_v11/matchers/message.py: 5b6e1216cc6e60628a068fc1104b1f2550468be1619b00c44cf8a9be6e1143cd
    nekro_agent/adapters/onebot_v11/tools/voice.py: 1f470a88d10de470194bb54d68a35c4eaf28dc2f9e18a714479ad88b7d955cb7
    nekro_agent/services/message_service.py: 3b663c1c326192cd8cb31b16b80926afa90c48443ad0e70dcbc5259532ba4843
    nekro_agent/core/config.py: 8edad9b6fb4d5fe0df502698d5f3bdd8e591fa65d1a8f84e4d9fde143c4c2e27
    nekro_agent/services/agent/openai.py: 1a4367404c94e2ac8af83709659cf67e10bfac157d02f84369035c514a5c8d6f
    nekro_agent/services/agent/templates/history.py: 6a477b5a95ea5157553d26f671505d90573eb0a4d6c68fbd5db8c6b5ed8d8c0b
    nekro_agent/services/agent/templates/audio.py: e1f3e50fe77a80d85cb1b606af0d8a891c2eb711e0122da99c9b1b58ab72b2d5
deployment:
  date: '2026-09-19'
  scope: r2-stages-1-and-2-plus-qq-voice-input
  record: docs/QQ_VOICE_DEPLOYMENT_20260919.md
  offline_mode: false
  conversation_max_mib: 256
  task_max_mib: 128
  total_max_mib: 2048
  min_free_mib: 2048
  rollback_overlay: deploy/nekro-qq-voice.rollback.yml
  voice_channels: []
  voice_provider: napcat-fetch_ptt_text
  audio_input: true
  audio_models:
  - openrouter-taohuayuan
  - openrouter-YunFaShu
  - openrouter-TongjiTouhou
  - openrouter-private
  - xiaomi-mimo
  audio_record: docs/QQ_AUDIO_INPUT_20260919.md
  voice_scope: all-enabled-onebot-conversations
  audio_context: same-message-window-as-text
  audio_total_max_seconds: 960
legacy_overlay_release: nekro-startup-permissions-production-20260828
napcat:
  version: 4.18.28
  image: mlikiowa/napcat-docker:v4.18.28@sha256:2cc70b45244ae3fabc657ffc3aaa4de8fb893518171e519659ab83d80e6d36b5
  qq_version: 3.2.30-50969
  previous_image_id: sha256:2df04f8f31d87dc247aabf7ca3660e7d1332ef36ce8145839746b425315f51b1
  backup: /home/justin/napcat-backups/20260919-native-asr/napcat_data
